{
  "requires": true,
  "lockfileVersion": 1,
  "dependencies": {
    "@popperjs/core": {
      "version": "2.1.0",
      "resolved": "https://registry.npmjs.org/@popperjs/core/-/core-2.1.0.tgz",
      "integrity": "sha512-ntN5t5spqhQv28cLfmmt1dYabsudzR5A7PU15gr/gzcT/gzqAOnYFQPaLPFraDa7ZCJG2eJ1JsO7pgXbYXGIrw=="
    },
    "tippy.js": {
      "version": "6.0.3",
      "resolved": "https://registry.npmjs.org/tippy.js/-/tippy.js-6.0.3.tgz",
      "integrity": "sha512-buQF6HugTA4YeSA/s9xBhu0ferEAx7sRSn45G+Juh3p+Dz3vEKfxtqdg6JUnHIWDCV/r0u8Lrobs9AB4dtYcUQ==",
      "requires": {
        "@popperjs/core": "^2.1.0"
      }
    }
  }
}
